[root]
name = "slack"
version = "0.1.0"
dependencies = [
 "hyper 0.0.15 (git+https://github.com/hyperium/hyper.git)",
 "websocket 0.8.1 (git+https://github.com/BenTheElder/rust-websocket.git)",
]

[[package]]
name = "cookie"
version = "0.1.2"
source = "registry+https://github.com/rust-lang/crates.io-index"
dependencies = [
 "openssl 0.2.7 (registry+https://github.com/rust-lang/crates.io-index)",
 "time 0.1.3 (registry+https://github.com/rust-lang/crates.io-index)",
 "url 0.2.6 (registry+https://github.com/rust-lang/crates.io-index)",
]

[[package]]
name = "gcc"
version = "0.1.2"
source = "registry+https://github.com/rust-lang/crates.io-index"

[[package]]
name = "hyper"
version = "0.0.15"
source = "git+https://github.com/hyperium/hyper.git#b7aa384ce4799e48b6f85ef162df409ae9207b2e"
dependencies = [
 "cookie 0.1.2 (registry+https://github.com/rust-lang/crates.io-index)",
 "mime 0.0.2 (registry+https://github.com/rust-lang/crates.io-index)",
 "mucell 0.1.4 (registry+https://github.com/rust-lang/crates.io-index)",
 "openssl 0.2.7 (registry+https://github.com/rust-lang/crates.io-index)",
 "time 0.1.3 (registry+https://github.com/rust-lang/crates.io-index)",
 "typeable 0.0.3 (registry+https://github.com/rust-lang/crates.io-index)",
 "unsafe-any 0.1.1 (registry+https://github.com/rust-lang/crates.io-index)",
 "url 0.2.6 (registry+https://github.com/rust-lang/crates.io-index)",
]

[[package]]
name = "libressl-pnacl-sys"
version = "2.1.0"
source = "registry+https://github.com/rust-lang/crates.io-index"
dependencies = [
 "pnacl-build-helper 1.0.0 (registry+https://github.com/rust-lang/crates.io-index)",
]

[[package]]
name = "mime"
version = "0.0.2"
source = "registry+https://github.com/rust-lang/crates.io-index"

[[package]]
name = "mucell"
version = "0.1.4"
source = "registry+https://github.com/rust-lang/crates.io-index"

[[package]]
name = "openssl"
version = "0.2.7"
source = "registry+https://github.com/rust-lang/crates.io-index"
dependencies = [
 "openssl-sys 0.2.7 (registry+https://github.com/rust-lang/crates.io-index)",
]

[[package]]
name = "openssl-sys"
version = "0.2.7"
source = "registry+https://github.com/rust-lang/crates.io-index"
dependencies = [
 "libressl-pnacl-sys 2.1.0 (registry+https://github.com/rust-lang/crates.io-index)",
 "pkg-config 0.1.2 (registry+https://github.com/rust-lang/crates.io-index)",
]

[[package]]
name = "pkg-config"
version = "0.1.2"
source = "registry+https://github.com/rust-lang/crates.io-index"

[[package]]
name = "pnacl-build-helper"
version = "1.0.0"
source = "registry+https://github.com/rust-lang/crates.io-index"

[[package]]
name = "sha1"
version = "0.0.3"
source = "registry+https://github.com/rust-lang/crates.io-index"

[[package]]
name = "time"
version = "0.1.3"
source = "registry+https://github.com/rust-lang/crates.io-index"
dependencies = [
 "gcc 0.1.2 (registry+https://github.com/rust-lang/crates.io-index)",
]

[[package]]
name = "typeable"
version = "0.0.3"
source = "registry+https://github.com/rust-lang/crates.io-index"

[[package]]
name = "unsafe-any"
version = "0.1.1"
source = "registry+https://github.com/rust-lang/crates.io-index"

[[package]]
name = "url"
version = "0.2.6"
source = "registry+https://github.com/rust-lang/crates.io-index"

[[package]]
name = "websocket"
version = "0.8.1"
source = "git+https://github.com/BenTheElder/rust-websocket.git#a1c234c4473064526949f04a91a35060141bca6d"
dependencies = [
 "sha1 0.0.3 (registry+https://github.com/rust-lang/crates.io-index)",
 "url 0.2.6 (registry+https://github.com/rust-lang/crates.io-index)",
]

